<Solution>
  <Folder Name="/src/">
    <Project Path="src/MetroDisplay.Contracts/MetroDisplay.Contracts.csproj" />
    <Project Path="src/MetroDisplay.Gtfs.Static/MetroDisplay.Gtfs.Static.csproj" />
  </Folder>
  <Folder Name="/tests/">
    <Project Path="tests/MetroDisplay.Gtfs.Static.Tests/MetroDisplay.Gtfs.Static.Tests.csproj" />
  </Folder>
</Solution>
